
Microsoft Visual Studio Solution File, Format Version 12.00
# Visual Studio Version 17
VisualStudioVersion = 17.10.35004.147
MinimumVisualStudioVersion = 10.0.40219.1
Project("{9A19103F-16F7-4668-BE54-9A1E7A4F7556}") = "Condotify", "Condotify\Condotify.csproj", "{C7FFB834-7D26-49DD-B647-4921D49E71CF}"
EndProject
Project("{FAE04EC0-301F-11D3-BF4B-00C04F79EFBC}") = "CondotifyAPI", "CondotifyAPI\CondotifyAPI.csproj", "{F8496F48-B478-41B5-95B2-30DEE51738F4}"
EndProject
Project("{FAE04EC0-301F-11D3-BF4B-00C04F79EFBC}") = "CondotifyAPI.Tests", "CondotifyAPI.Tests\CondotifyAPI.Tests.csproj", "{9272839B-A04B-4C71-8D21-111141C9D4AF}"
EndProject
Project("{FAE04EC0-301F-11D3-BF4B-00C04F79EFBC}") = "CondotifyAPI.Infrastructure", "CondotifyAPI.Infrastructure\CondotifyAPI.Infrastructure.csproj", "{94CDB4A3-7190-4D5D-937C-AC48769E791D}"
EndProject
Project("{FAE04EC0-301F-11D3-BF4B-00C04F79EFBC}") = "CondotifyAPI.Domain", "CondotifyAPI.Domain\CondotifyAPI.Domain.csproj", "{BE929B7A-5D48-4267-85DF-9E63DD0C4F50}"
EndProject
Project("{FAE04EC0-301F-11D3-BF4B-00C04F79EFBC}") = "Condotify.Contracts", "Condotify.Contracts\Condotify.Contracts.csproj", "{5E2CAB19-16A5-42D5-AAD3-FA69857BDB9C}"
EndProject
Project("{FAE04EC0-301F-11D3-BF4B-00C04F79EFBC}") = "Condotify.ApiClient", "Condotify.ApiClient\Condotify.ApiClient.csproj", "{6D81A6E5-2182-4398-B616-E7799A85D0CA}"
EndProject
Project("{FAE04EC0-301F-11D3-BF4B-00C04F79EFBC}") = "Condotify.ApiClient.Tests", "Condotify.ApiClient.Tests\Condotify.ApiClient.Tests.csproj", "{23173251-3274-4813-A319-439628EFF2FB}"
EndProject
Project("{FAE04EC0-301F-11D3-BF4B-00C04F79EFBC}") = "Condotify.UI", "Condotify.UI\Condotify.UI.csproj", "{1CE6F01A-0BCD-4A05-B920-20BA1FC4CD73}"
EndProject
Project("{FAE04EC0-301F-11D3-BF4B-00C04F79EFBC}") = "Condotify.Mobile.Core", "Condotify.Mobile.Core\Condotify.Mobile.Core.csproj", "{10F1A01C-3BF2-4F4A-83A2-0C271784A9BE}"
EndProject
Project("{FAE04EC0-301F-11D3-BF4B-00C04F79EFBC}") = "Condotify.Mobile", "Condotify.Mobile\Condotify.Mobile.csproj", "{D32506E8-02E1-4029-B27D-9111EE01800F}"
EndProject
Project("{FAE04EC0-301F-11D3-BF4B-00C04F79EFBC}") = "Condotify.Mobile.Tests", "Condotify.Mobile.Tests\Condotify.Mobile.Tests.csproj", "{A95DCC2E-D403-43CF-BF24-7DB3BB1D34B2}"
EndProject
Global
	GlobalSection(SolutionConfigurationPlatforms) = preSolution
		Debug|Any CPU = Debug|Any CPU
		Debug|x64 = Debug|x64
		Debug|x86 = Debug|x86
		Release|Any CPU = Release|Any CPU
		Release|x64 = Release|x64
		Release|x86 = Release|x86
	EndGlobalSection
	GlobalSection(ProjectConfigurationPlatforms) = postSolution
		{C7FFB834-7D26-49DD-B647-4921D49E71CF}.Debug|Any CPU.ActiveCfg = Debug|Any CPU
		{C7FFB834-7D26-49DD-B647-4921D49E71CF}.Debug|Any CPU.Build.0 = Debug|Any CPU
		{C7FFB834-7D26-49DD-B647-4921D49E71CF}.Debug|x64.ActiveCfg = Debug|Any CPU
		{C7FFB834-7D26-49DD-B647-4921D49E71CF}.Debug|x64.Build.0 = Debug|Any CPU
		{C7FFB834-7D26-49DD-B647-4921D49E71CF}.Debug|x86.ActiveCfg = Debug|Any CPU
		{C7FFB834-7D26-49DD-B647-4921D49E71CF}.Debug|x86.Build.0 = Debug|Any CPU
		{C7FFB834-7D26-49DD-B647-4921D49E71CF}.Release|Any CPU.ActiveCfg = Release|Any CPU
		{C7FFB834-7D26-49DD-B647-4921D49E71CF}.Release|Any CPU.Build.0 = Release|Any CPU
		{C7FFB834-7D26-49DD-B647-4921D49E71CF}.Release|x64.ActiveCfg = Release|Any CPU
		{C7FFB834-7D26-49DD-B647-4921D49E71CF}.Release|x64.Build.0 = Release|Any CPU
		{C7FFB834-7D26-49DD-B647-4921D49E71CF}.Release|x86.ActiveCfg = Release|Any CPU
		{C7FFB834-7D26-49DD-B647-4921D49E71CF}.Release|x86.Build.0 = Release|Any CPU
		{F8496F48-B478-41B5-95B2-30DEE51738F4}.Debug|Any CPU.ActiveCfg = Debug|Any CPU
		{F8496F48-B478-41B5-95B2-30DEE51738F4}.Debug|Any CPU.Build.0 = Debug|Any CPU
		{F8496F48-B478-41B5-95B2-30DEE51738F4}.Debug|x64.ActiveCfg = Debug|Any CPU
		{F8496F48-B478-41B5-95B2-30DEE51738F4}.Debug|x64.Build.0 = Debug|Any CPU
		{F8496F48-B478-41B5-95B2-30DEE51738F4}.Debug|x86.ActiveCfg = Debug|Any CPU
		{F8496F48-B478-41B5-95B2-30DEE51738F4}.Debug|x86.Build.0 = Debug|Any CPU
		{F8496F48-B478-41B5-95B2-30DEE51738F4}.Release|Any CPU.ActiveCfg = Release|Any CPU
		{F8496F48-B478-41B5-95B2-30DEE51738F4}.Release|Any CPU.Build.0 = Release|Any CPU
		{F8496F48-B478-41B5-95B2-30DEE51738F4}.Release|x64.ActiveCfg = Release|Any CPU
		{F8496F48-B478-41B5-95B2-30DEE51738F4}.Release|x64.Build.0 = Release|Any CPU
		{F8496F48-B478-41B5-95B2-30DEE51738F4}.Release|x86.ActiveCfg = Release|Any CPU
		{F8496F48-B478-41B5-95B2-30DEE51738F4}.Release|x86.Build.0 = Release|Any CPU
		{9272839B-A04B-4C71-8D21-111141C9D4AF}.Debug|Any CPU.ActiveCfg = Debug|Any CPU
		{9272839B-A04B-4C71-8D21-111141C9D4AF}.Debug|Any CPU.Build.0 = Debug|Any CPU
		{9272839B-A04B-4C71-8D21-111141C9D4AF}.Debug|x64.ActiveCfg = Debug|Any CPU
		{9272839B-A04B-4C71-8D21-111141C9D4AF}.Debug|x64.Build.0 = Debug|Any CPU
		{9272839B-A04B-4C71-8D21-111141C9D4AF}.Debug|x86.ActiveCfg = Debug|Any CPU
		{9272839B-A04B-4C71-8D21-111141C9D4AF}.Debug|x86.Build.0 = Debug|Any CPU
		{9272839B-A04B-4C71-8D21-111141C9D4AF}.Release|Any CPU.ActiveCfg = Release|Any CPU
		{9272839B-A04B-4C71-8D21-111141C9D4AF}.Release|Any CPU.Build.0 = Release|Any CPU
		{9272839B-A04B-4C71-8D21-111141C9D4AF}.Release|x64.ActiveCfg = Release|Any CPU
		{9272839B-A04B-4C71-8D21-111141C9D4AF}.Release|x64.Build.0 = Release|Any CPU
		{9272839B-A04B-4C71-8D21-111141C9D4AF}.Release|x86.ActiveCfg = Release|Any CPU
		{9272839B-A04B-4C71-8D21-111141C9D4AF}.Release|x86.Build.0 = Release|Any CPU
		{94CDB4A3-7190-4D5D-937C-AC48769E791D}.Debug|Any CPU.ActiveCfg = Debug|Any CPU
		{94CDB4A3-7190-4D5D-937C-AC48769E791D}.Debug|Any CPU.Build.0 = Debug|Any CPU
		{94CDB4A3-7190-4D5D-937C-AC48769E791D}.Debug|x64.ActiveCfg = Debug|Any CPU
		{94CDB4A3-7190-4D5D-937C-AC48769E791D}.Debug|x64.Build.0 = Debug|Any CPU
		{94CDB4A3-7190-4D5D-937C-AC48769E791D}.Debug|x86.ActiveCfg = Debug|Any CPU
		{94CDB4A3-7190-4D5D-937C-AC48769E791D}.Debug|x86.Build.0 = Debug|Any CPU
		{94CDB4A3-7190-4D5D-937C-AC48769E791D}.Release|Any CPU.ActiveCfg = Release|Any CPU
		{94CDB4A3-7190-4D5D-937C-AC48769E791D}.Release|Any CPU.Build.0 = Release|Any CPU
		{94CDB4A3-7190-4D5D-937C-AC48769E791D}.Release|x64.ActiveCfg = Release|Any CPU
		{94CDB4A3-7190-4D5D-937C-AC48769E791D}.Release|x64.Build.0 = Release|Any CPU
		{94CDB4A3-7190-4D5D-937C-AC48769E791D}.Release|x86.ActiveCfg = Release|Any CPU
		{94CDB4A3-7190-4D5D-937C-AC48769E791D}.Release|x86.Build.0 = Release|Any CPU
		{BE929B7A-5D48-4267-85DF-9E63DD0C4F50}.Debug|Any CPU.ActiveCfg = Debug|Any CPU
		{BE929B7A-5D48-4267-85DF-9E63DD0C4F50}.Debug|Any CPU.Build.0 = Debug|Any CPU
		{BE929B7A-5D48-4267-85DF-9E63DD0C4F50}.Debug|x64.ActiveCfg = Debug|Any CPU
		{BE929B7A-5D48-4267-85DF-9E63DD0C4F50}.Debug|x64.Build.0 = Debug|Any CPU
		{BE929B7A-5D48-4267-85DF-9E63DD0C4F50}.Debug|x86.ActiveCfg = Debug|Any CPU
		{BE929B7A-5D48-4267-85DF-9E63DD0C4F50}.Debug|x86.Build.0 = Debug|Any CPU
		{BE929B7A-5D48-4267-85DF-9E63DD0C4F50}.Release|Any CPU.ActiveCfg = Release|Any CPU
		{BE929B7A-5D48-4267-85DF-9E63DD0C4F50}.Release|Any CPU.Build.0 = Release|Any CPU
		{BE929B7A-5D48-4267-85DF-9E63DD0C4F50}.Release|x64.ActiveCfg = Release|Any CPU
		{BE929B7A-5D48-4267-85DF-9E63DD0C4F50}.Release|x64.Build.0 = Release|Any CPU
		{BE929B7A-5D48-4267-85DF-9E63DD0C4F50}.Release|x86.ActiveCfg = Release|Any CPU
		{BE929B7A-5D48-4267-85DF-9E63DD0C4F50}.Release|x86.Build.0 = Release|Any CPU
		{5E2CAB19-16A5-42D5-AAD3-FA69857BDB9C}.Debug|Any CPU.ActiveCfg = Debug|Any CPU
		{5E2CAB19-16A5-42D5-AAD3-FA69857BDB9C}.Debug|Any CPU.Build.0 = Debug|Any CPU
		{5E2CAB19-16A5-42D5-AAD3-FA69857BDB9C}.Debug|x64.ActiveCfg = Debug|Any CPU
		{5E2CAB19-16A5-42D5-AAD3-FA69857BDB9C}.Debug|x64.Build.0 = Debug|Any CPU
		{5E2CAB19-16A5-42D5-AAD3-FA69857BDB9C}.Debug|x86.ActiveCfg = Debug|Any CPU
		{5E2CAB19-16A5-42D5-AAD3-FA69857BDB9C}.Debug|x86.Build.0 = Debug|Any CPU
		{5E2CAB19-16A5-42D5-AAD3-FA69857BDB9C}.Release|Any CPU.ActiveCfg = Release|Any CPU
		{5E2CAB19-16A5-42D5-AAD3-FA69857BDB9C}.Release|Any CPU.Build.0 = Release|Any CPU
		{5E2CAB19-16A5-42D5-AAD3-FA69857BDB9C}.Release|x64.ActiveCfg = Release|Any CPU
		{5E2CAB19-16A5-42D5-AAD3-FA69857BDB9C}.Release|x64.Build.0 = Release|Any CPU
		{5E2CAB19-16A5-42D5-AAD3-FA69857BDB9C}.Release|x86.ActiveCfg = Release|Any CPU
		{5E2CAB19-16A5-42D5-AAD3-FA69857BDB9C}.Release|x86.Build.0 = Release|Any CPU
		{6D81A6E5-2182-4398-B616-E7799A85D0CA}.Debug|Any CPU.ActiveCfg = Debug|Any CPU
		{6D81A6E5-2182-4398-B616-E7799A85D0CA}.Debug|Any CPU.Build.0 = Debug|Any CPU
		{6D81A6E5-2182-4398-B616-E7799A85D0CA}.Debug|x64.ActiveCfg = Debug|Any CPU
		{6D81A6E5-2182-4398-B616-E7799A85D0CA}.Debug|x64.Build.0 = Debug|Any CPU
		{6D81A6E5-2182-4398-B616-E7799A85D0CA}.Debug|x86.ActiveCfg = Debug|Any CPU
		{6D81A6E5-2182-4398-B616-E7799A85D0CA}.Debug|x86.Build.0 = Debug|Any CPU
		{6D81A6E5-2182-4398-B616-E7799A85D0CA}.Release|Any CPU.ActiveCfg = Release|Any CPU
		{6D81A6E5-2182-4398-B616-E7799A85D0CA}.Release|Any CPU.Build.0 = Release|Any CPU
		{6D81A6E5-2182-4398-B616-E7799A85D0CA}.Release|x64.ActiveCfg = Release|Any CPU
		{6D81A6E5-2182-4398-B616-E7799A85D0CA}.Release|x64.Build.0 = Release|Any CPU
		{6D81A6E5-2182-4398-B616-E7799A85D0CA}.Release|x86.ActiveCfg = Release|Any CPU
		{6D81A6E5-2182-4398-B616-E7799A85D0CA}.Release|x86.Build.0 = Release|Any CPU
		{23173251-3274-4813-A319-439628EFF2FB}.Debug|Any CPU.ActiveCfg = Debug|Any CPU
		{23173251-3274-4813-A319-439628EFF2FB}.Debug|Any CPU.Build.0 = Debug|Any CPU
		{23173251-3274-4813-A319-439628EFF2FB}.Debug|x64.ActiveCfg = Debug|Any CPU
		{23173251-3274-4813-A319-439628EFF2FB}.Debug|x64.Build.0 = Debug|Any CPU
		{23173251-3274-4813-A319-439628EFF2FB}.Debug|x86.ActiveCfg = Debug|Any CPU
		{23173251-3274-4813-A319-439628EFF2FB}.Debug|x86.Build.0 = Debug|Any CPU
		{23173251-3274-4813-A319-439628EFF2FB}.Release|Any CPU.ActiveCfg = Release|Any CPU
		{23173251-3274-4813-A319-439628EFF2FB}.Release|Any CPU.Build.0 = Release|Any CPU
		{23173251-3274-4813-A319-439628EFF2FB}.Release|x64.ActiveCfg = Release|Any CPU
		{23173251-3274-4813-A319-439628EFF2FB}.Release|x64.Build.0 = Release|Any CPU
		{23173251-3274-4813-A319-439628EFF2FB}.Release|x86.ActiveCfg = Release|Any CPU
		{23173251-3274-4813-A319-439628EFF2FB}.Release|x86.Build.0 = Release|Any CPU
		{1CE6F01A-0BCD-4A05-B920-20BA1FC4CD73}.Debug|Any CPU.ActiveCfg = Debug|Any CPU
		{1CE6F01A-0BCD-4A05-B920-20BA1FC4CD73}.Debug|Any CPU.Build.0 = Debug|Any CPU
		{1CE6F01A-0BCD-4A05-B920-20BA1FC4CD73}.Debug|x64.ActiveCfg = Debug|Any CPU
		{1CE6F01A-0BCD-4A05-B920-20BA1FC4CD73}.Debug|x64.Build.0 = Debug|Any CPU
		{1CE6F01A-0BCD-4A05-B920-20BA1FC4CD73}.Debug|x86.ActiveCfg = Debug|Any CPU
		{1CE6F01A-0BCD-4A05-B920-20BA1FC4CD73}.Debug|x86.Build.0 = Debug|Any CPU
		{1CE6F01A-0BCD-4A05-B920-20BA1FC4CD73}.Release|Any CPU.ActiveCfg = Release|Any CPU
		{1CE6F01A-0BCD-4A05-B920-20BA1FC4CD73}.Release|Any CPU.Build.0 = Release|Any CPU
		{1CE6F01A-0BCD-4A05-B920-20BA1FC4CD73}.Release|x64.ActiveCfg = Release|Any CPU
		{1CE6F01A-0BCD-4A05-B920-20BA1FC4CD73}.Release|x64.Build.0 = Release|Any CPU
		{1CE6F01A-0BCD-4A05-B920-20BA1FC4CD73}.Release|x86.ActiveCfg = Release|Any CPU
		{1CE6F01A-0BCD-4A05-B920-20BA1FC4CD73}.Release|x86.Build.0 = Release|Any CPU
		{10F1A01C-3BF2-4F4A-83A2-0C271784A9BE}.Debug|Any CPU.ActiveCfg = Debug|Any CPU
		{10F1A01C-3BF2-4F4A-83A2-0C271784A9BE}.Debug|Any CPU.Build.0 = Debug|Any CPU
		{10F1A01C-3BF2-4F4A-83A2-0C271784A9BE}.Debug|x64.ActiveCfg = Debug|Any CPU
		{10F1A01C-3BF2-4F4A-83A2-0C271784A9BE}.Debug|x64.Build.0 = Debug|Any CPU
		{10F1A01C-3BF2-4F4A-83A2-0C271784A9BE}.Debug|x86.ActiveCfg = Debug|Any CPU
		{10F1A01C-3BF2-4F4A-83A2-0C271784A9BE}.Debug|x86.Build.0 = Debug|Any CPU
		{10F1A01C-3BF2-4F4A-83A2-0C271784A9BE}.Release|Any CPU.ActiveCfg = Release|Any CPU
		{10F1A01C-3BF2-4F4A-83A2-0C271784A9BE}.Release|Any CPU.Build.0 = Release|Any CPU
		{10F1A01C-3BF2-4F4A-83A2-0C271784A9BE}.Release|x64.ActiveCfg = Release|Any CPU
		{10F1A01C-3BF2-4F4A-83A2-0C271784A9BE}.Release|x64.Build.0 = Release|Any CPU
		{10F1A01C-3BF2-4F4A-83A2-0C271784A9BE}.Release|x86.ActiveCfg = Release|Any CPU
		{10F1A01C-3BF2-4F4A-83A2-0C271784A9BE}.Release|x86.Build.0 = Release|Any CPU
		{D32506E8-02E1-4029-B27D-9111EE01800F}.Debug|Any CPU.ActiveCfg = Debug|Any CPU
		{D32506E8-02E1-4029-B27D-9111EE01800F}.Debug|Any CPU.Build.0 = Debug|Any CPU
		{D32506E8-02E1-4029-B27D-9111EE01800F}.Debug|x64.ActiveCfg = Debug|Any CPU
		{D32506E8-02E1-4029-B27D-9111EE01800F}.Debug|x64.Build.0 = Debug|Any CPU
		{D32506E8-02E1-4029-B27D-9111EE01800F}.Debug|x86.ActiveCfg = Debug|Any CPU
		{D32506E8-02E1-4029-B27D-9111EE01800F}.Debug|x86.Build.0 = Debug|Any CPU
		{D32506E8-02E1-4029-B27D-9111EE01800F}.Release|Any CPU.ActiveCfg = Release|Any CPU
		{D32506E8-02E1-4029-B27D-9111EE01800F}.Release|Any CPU.Build.0 = Release|Any CPU
		{D32506E8-02E1-4029-B27D-9111EE01800F}.Release|x64.ActiveCfg = Release|Any CPU
		{D32506E8-02E1-4029-B27D-9111EE01800F}.Release|x64.Build.0 = Release|Any CPU
		{D32506E8-02E1-4029-B27D-9111EE01800F}.Release|x86.ActiveCfg = Release|Any CPU
		{D32506E8-02E1-4029-B27D-9111EE01800F}.Release|x86.Build.0 = Release|Any CPU
		{A95DCC2E-D403-43CF-BF24-7DB3BB1D34B2}.Debug|Any CPU.ActiveCfg = Debug|Any CPU
		{A95DCC2E-D403-43CF-BF24-7DB3BB1D34B2}.Debug|Any CPU.Build.0 = Debug|Any CPU
		{A95DCC2E-D403-43CF-BF24-7DB3BB1D34B2}.Debug|x64.ActiveCfg = Debug|Any CPU
		{A95DCC2E-D403-43CF-BF24-7DB3BB1D34B2}.Debug|x64.Build.0 = Debug|Any CPU
		{A95DCC2E-D403-43CF-BF24-7DB3BB1D34B2}.Debug|x86.ActiveCfg = Debug|Any CPU
		{A95DCC2E-D403-43CF-BF24-7DB3BB1D34B2}.Debug|x86.Build.0 = Debug|Any CPU
		{A95DCC2E-D403-43CF-BF24-7DB3BB1D34B2}.Release|Any CPU.ActiveCfg = Release|Any CPU
		{A95DCC2E-D403-43CF-BF24-7DB3BB1D34B2}.Release|Any CPU.Build.0 = Release|Any CPU
		{A95DCC2E-D403-43CF-BF24-7DB3BB1D34B2}.Release|x64.ActiveCfg = Release|Any CPU
		{A95DCC2E-D403-43CF-BF24-7DB3BB1D34B2}.Release|x64.Build.0 = Release|Any CPU
		{A95DCC2E-D403-43CF-BF24-7DB3BB1D34B2}.Release|x86.ActiveCfg = Release|Any CPU
		{A95DCC2E-D403-43CF-BF24-7DB3BB1D34B2}.Release|x86.Build.0 = Release|Any CPU
	EndGlobalSection
	GlobalSection(SolutionProperties) = preSolution
		HideSolutionNode = FALSE
	EndGlobalSection
	GlobalSection(ExtensibilityGlobals) = postSolution
		SolutionGuid = {99774680-1EE2-45A5-98C5-D0BE34CC1267}
	EndGlobalSection
EndGlobal
